{
    "_meta": {
        "hash": {
            "sha256": "e571225bdd0881c0ca11afd30763582b01e79cd7855a6badd609da314115808a"
        },
        "pipfile-spec": 6,
        "requires": {
            "python_version": "3.8"
        },
        "sources": [
            {
                "name": "pypi",
                "url": "https://pypi.org/simple",
                "verify_ssl": true
            }
        ]
    },
    "default": {},
    "develop": {}
}
